github.com/gophercises/urlshort v0.0.0-20190723121003-cc800dbaf411 h1:jXluXk94Xa6OHiVJFuYsJFrCvcc87iAdOQMy6BCkQiw=
github.com/gophercises/urlshort v0.0.0-20190723121003-cc800dbaf411/go.mod h1:uSADXLeo9rvYEF7fbNcZ9/84Tk8j3gggJ/ha5iO21MI=
github.com/phdevbr/gophercises v0.0.0-20210323192157-2e7f46810e25 h1:Y285JxfNdw60TdoIrn2tHkzix685ctlWRLe5Er2ggws=
